
Microsoft Visual Studio Solution File, Format Version 12.00
# Visual Studio 15
VisualStudioVersion = 15.0.28307.136
MinimumVisualStudioVersion = 10.0.40219.1
Project("{FAE04EC0-301F-11D3-BF4B-00C04F79EFBC}") = "AdventOfCode2018", "AdventOfCode2018\AdventOfCode2018.csproj", "{4E2C20BB-85D3-43B3-9B24-5D3A1C565A39}"
EndProject
Global
	GlobalSection(SolutionConfigurationPlatforms) = preSolution
		Debug|Any CPU = Debug|Any CPU
		Release|Any CPU = Release|Any CPU
	EndGlobalSection
	GlobalSection(ProjectConfigurationPlatforms) = postSolution
		{4E2C20BB-85D3-43B3-9B24-5D3A1C565A39}.Debug|Any CPU.ActiveCfg = Debug|Any CPU
		{4E2C20BB-85D3-43B3-9B24-5D3A1C565A39}.Debug|Any CPU.Build.0 = Debug|Any CPU
		{4E2C20BB-85D3-43B3-9B24-5D3A1C565A39}.Release|Any CPU.ActiveCfg = Release|Any CPU
		{4E2C20BB-85D3-43B3-9B24-5D3A1C565A39}.Release|Any CPU.Build.0 = Release|Any CPU
	EndGlobalSection
	GlobalSection(SolutionProperties) = preSolution
		HideSolutionNode = FALSE
	EndGlobalSection
	GlobalSection(ExtensibilityGlobals) = postSolution
		SolutionGuid = {382818D6-872D-4D6A-8FDE-A8A784418040}
	EndGlobalSection
EndGlobal
